# THIS IS AN AUTOGENERATED FILE. DO NOT EDIT THIS FILE DIRECTLY.
# yarn lockfile v1


"@types/node@^18.0.6":
  version "18.0.6"
  resolved "https://registry.yarnpkg.com/@types/node/-/node-18.0.6.tgz#0ba49ac517ad69abe7a1508bc9b3a5483df9d5d7"
  integrity sha512-/xUq6H2aQm261exT6iZTMifUySEt4GR5KX8eYyY+C4MSNPqSh9oNIP7tz2GLKTlFaiBbgZNxffoR3CVRG+cljw==

"@types/three@^0.141.0":
  version "0.141.0"
  resolved "https://registry.yarnpkg.com/@types/three/-/three-0.141.0.tgz#d9d81a54b28ebc2a56931dfd4d9c54d25c20d6c8"
  integrity sha512-OJdKDgTPVBUgc+s74DYoy4aLznbFFC38Xm4ElmU1YwGNgR7GGFVvFCX7lpVgOsT6S1zSJtGdajTsOYE8/xY9nA==
  dependencies:
    "@types/webxr" "*"

"@types/webxr@*":
  version "0.4.0"
  resolved "https://registry.yarnpkg.com/@types/webxr/-/webxr-0.4.0.tgz#ad06c96a324293e0d5175d13dd5ded5931f90ba3"
  integrity sha512-LQvrACV3Pj17GpkwHwXuTd733gfY+D7b9mKdrTmLdO7vo7P/o6209Qqtk63y/FCv/lspdmi0pWz6Qe/ull9kQg==

opencv-ts@^1.3.6:
  version "1.3.6"
  resolved "https://registry.yarnpkg.com/opencv-ts/-/opencv-ts-1.3.6.tgz#2242f2c051be272861edc8d7d6ab18b590f842f3"
  integrity sha512-8iG+ujpzsvc5W7vP0WH0TFUOODZFulp7SBzy2Av2xXmHrHVKw7HWKyutLxmstAkNa7nD6BgnDrEVxTsI/mDkeQ==
  dependencies:
    typescript "^4.2.3"

rgbquant@^1.1.2:
  version "1.1.2"
  resolved "https://registry.yarnpkg.com/rgbquant/-/rgbquant-1.1.2.tgz#d95e889a8fcb1e6c1a4fa2ccc8be3a41a2fcd185"
  integrity sha512-AGuKVeUUFW5rhm4Eu/7SXQRSxs3MoXIGKP4i/5Rok89QBrOu9+ytWezuxHhCsHT9Y6z+sGPKL9PKo6X8tZNUaw==

three@^0.142.0:
  version "0.142.0"
  resolved "https://registry.yarnpkg.com/three/-/three-0.142.0.tgz#89e226a16221f212eb1d40f0786604b711f28aed"
  integrity sha512-ESjPO+3geFr+ZUfVMpMnF/eVU2uJPOh0e2ZpMFqjNca1wApS9lJb7E4MjwGIczgt9iuKd8PEm6Pfgp2bJ92Xtg==

typescript@^4.2.3:
  version "4.7.4"
  resolved "https://registry.yarnpkg.com/typescript/-/typescript-4.7.4.tgz#1a88596d1cf47d59507a1bcdfb5b9dfe4d488235"
  integrity sha512-C0WQT0gezHuw6AdY1M2jxUO83Rjf0HP7Sk1DtXj6j1EwkQNZrHAg2XPWlq62oqEhYvONq5pkC2Y9oPljWToLmQ==
